
Microsoft Visual Studio Solution File, Format Version 12.00
# Visual Studio Version 16
VisualStudioVersion = 25.0.1705.2
MinimumVisualStudioVersion = 10.0.40219.1
Project("{FAE04EC0-301F-11D3-BF4B-00C04F79EFBC}") = "SegmentOne", "SegmentOne\SegmentOne.csproj", "{B4208A45-4EBA-4219-A4CE-F1E7CFBD6F87}"
EndProject
Global
	GlobalSection(SolutionConfigurationPlatforms) = preSolution
		Debug|Any CPU = Debug|Any CPU
		Release|Any CPU = Release|Any CPU
	EndGlobalSection
	GlobalSection(ProjectConfigurationPlatforms) = postSolution
		{B4208A45-4EBA-4219-A4CE-F1E7CFBD6F87}.Debug|Any CPU.ActiveCfg = Debug|Any CPU
		{B4208A45-4EBA-4219-A4CE-F1E7CFBD6F87}.Debug|Any CPU.Build.0 = Debug|Any CPU
		{B4208A45-4EBA-4219-A4CE-F1E7CFBD6F87}.Release|Any CPU.ActiveCfg = Release|Any CPU
		{B4208A45-4EBA-4219-A4CE-F1E7CFBD6F87}.Release|Any CPU.Build.0 = Release|Any CPU
	EndGlobalSection
	GlobalSection(SolutionProperties) = preSolution
		HideSolutionNode = FALSE
	EndGlobalSection
	GlobalSection(ExtensibilityGlobals) = postSolution
		SolutionGuid = {49463B0D-4FCA-4D1D-BEE2-D60B9DB8491D}
	EndGlobalSection
EndGlobal
